
Microsoft Visual Studio Solution File, Format Version 12.00
# Visual Studio Version 17
VisualStudioVersion = 17.11.35327.3
MinimumVisualStudioVersion = 10.0.40219.1
Project("{FAE04EC0-301F-11D3-BF4B-00C04F79EFBC}") = "Heroku", "Heroku\Heroku.csproj", "{D07A7A13-E310-4CFA-A548-FCAD31D43891}"
EndProject
Project("{FAE04EC0-301F-11D3-BF4B-00C04F79EFBC}") = "Heroku.Tests", "Heroku.Tests\Heroku.Tests.csproj", "{1A49E3A8-9E3F-4A8F-A375-8DE9B3E72F9B}"
EndProject
Global
	GlobalSection(SolutionConfigurationPlatforms) = preSolution
		Debug|Any CPU = Debug|Any CPU
		Release|Any CPU = Release|Any CPU
	EndGlobalSection
	GlobalSection(ProjectConfigurationPlatforms) = postSolution
		{D07A7A13-E310-4CFA-A548-FCAD31D43891}.Debug|Any CPU.ActiveCfg = Debug|Any CPU
		{D07A7A13-E310-4CFA-A548-FCAD31D43891}.Debug|Any CPU.Build.0 = Debug|Any CPU
		{D07A7A13-E310-4CFA-A548-FCAD31D43891}.Release|Any CPU.ActiveCfg = Release|Any CPU
		{D07A7A13-E310-4CFA-A548-FCAD31D43891}.Release|Any CPU.Build.0 = Release|Any CPU
		{1A49E3A8-9E3F-4A8F-A375-8DE9B3E72F9B}.Debug|Any CPU.ActiveCfg = Debug|Any CPU
		{1A49E3A8-9E3F-4A8F-A375-8DE9B3E72F9B}.Debug|Any CPU.Build.0 = Debug|Any CPU
		{1A49E3A8-9E3F-4A8F-A375-8DE9B3E72F9B}.Release|Any CPU.ActiveCfg = Release|Any CPU
		{1A49E3A8-9E3F-4A8F-A375-8DE9B3E72F9B}.Release|Any CPU.Build.0 = Release|Any CPU
	EndGlobalSection
	GlobalSection(SolutionProperties) = preSolution
		HideSolutionNode = FALSE
	EndGlobalSection
	GlobalSection(ExtensibilityGlobals) = postSolution
		SolutionGuid = {237B7557-C4CA-4339-9EE8-55AC8196A810}
	EndGlobalSection
EndGlobal
